
Microsoft Visual Studio Solution File, Format Version 12.00
# Visual Studio 2012
Project("{FAE04EC0-301F-11D3-BF4B-00C04F79EFBC}") = "Jory.Framework.Web", "Jory.Framework.Web\Jory.Framework.Web.csproj", "{CBF79F94-363F-4CAF-8A47-9419CE7387DA}"
EndProject
Project("{FAE04EC0-301F-11D3-BF4B-00C04F79EFBC}") = "Jory.Framework.API", "Jory.Framework.API\Jory.Framework.API.csproj", "{41413261-CF45-4DBA-A727-197E49D26489}"
EndProject
Global
	GlobalSection(SolutionConfigurationPlatforms) = preSolution
		Debug|Any CPU = Debug|Any CPU
		Release|Any CPU = Release|Any CPU
	EndGlobalSection
	GlobalSection(ProjectConfigurationPlatforms) = postSolution
		{CBF79F94-363F-4CAF-8A47-9419CE7387DA}.Debug|Any CPU.ActiveCfg = Debug|Any CPU
		{CBF79F94-363F-4CAF-8A47-9419CE7387DA}.Debug|Any CPU.Build.0 = Debug|Any CPU
		{CBF79F94-363F-4CAF-8A47-9419CE7387DA}.Release|Any CPU.ActiveCfg = Release|Any CPU
		{CBF79F94-363F-4CAF-8A47-9419CE7387DA}.Release|Any CPU.Build.0 = Release|Any CPU
		{41413261-CF45-4DBA-A727-197E49D26489}.Debug|Any CPU.ActiveCfg = Debug|Any CPU
		{41413261-CF45-4DBA-A727-197E49D26489}.Debug|Any CPU.Build.0 = Debug|Any CPU
		{41413261-CF45-4DBA-A727-197E49D26489}.Release|Any CPU.ActiveCfg = Release|Any CPU
		{41413261-CF45-4DBA-A727-197E49D26489}.Release|Any CPU.Build.0 = Release|Any CPU
	EndGlobalSection
	GlobalSection(SolutionProperties) = preSolution
		HideSolutionNode = FALSE
	EndGlobalSection
EndGlobal
